
Microsoft Visual Studio Solution File, Format Version 12.00
# Visual Studio 15
Project("{FAE04EC0-301F-11D3-BF4B-00C04F79EFBC}") = "Date-Time", "Date-Time\Date-Time.csproj", "{F9E92665-AE47-4D21-905B-9177DC297A8C}"
EndProject
Global
	GlobalSection(SolutionConfigurationPlatforms) = preSolution
		Debug|Any CPU = Debug|Any CPU
		Release|Any CPU = Release|Any CPU
	EndGlobalSection
	GlobalSection(ProjectConfigurationPlatforms) = postSolution
		{F9E92665-AE47-4D21-905B-9177DC297A8C}.Debug|Any CPU.ActiveCfg = Debug|Any CPU
		{F9E92665-AE47-4D21-905B-9177DC297A8C}.Debug|Any CPU.Build.0 = Debug|Any CPU
		{F9E92665-AE47-4D21-905B-9177DC297A8C}.Release|Any CPU.ActiveCfg = Release|Any CPU
		{F9E92665-AE47-4D21-905B-9177DC297A8C}.Release|Any CPU.Build.0 = Release|Any CPU
	EndGlobalSection
EndGlobal
